
Microsoft Visual Studio Solution File, Format Version 12.00
# Visual Studio 15
VisualStudioVersion = 15.0.27703.2035
MinimumVisualStudioVersion = 10.0.40219.1
Project("{FAE04EC0-301F-11D3-BF4B-00C04F79EFBC}") = "StackOverflowProject", "StackOverflowProject\StackOverflowProject.csproj", "{5F18CD19-4165-43A5-BF6C-63609689A69D}"
EndProject
Project("{FAE04EC0-301F-11D3-BF4B-00C04F79EFBC}") = "StackOverflowProject.DomainModels", "StackOverflowProject.DomainModels\StackOverflowProject.DomainModels.csproj", "{17B072B6-D999-4209-B411-734E4AE869A4}"
EndProject
Project("{FAE04EC0-301F-11D3-BF4B-00C04F79EFBC}") = "StackOverflowProject.ViewModels", "StackOverflowProject.ViewModels\StackOverflowProject.ViewModels.csproj", "{7467E2BA-0A8B-4B30-A2DE-802030E24EB6}"
EndProject
Project("{FAE04EC0-301F-11D3-BF4B-00C04F79EFBC}") = "StackOverflowProject.Repositories", "StackOverflowProject.Repositories\StackOverflowProject.Repositories.csproj", "{52732E4F-D364-4A84-B2ED-A2417377FCBE}"
EndProject
Project("{FAE04EC0-301F-11D3-BF4B-00C04F79EFBC}") = "StackOverflowProject.ServiceLayer", "StackOverflowProject.ServiceLayer\StackOverflowProject.ServiceLayer.csproj", "{ED8711EF-1EA0-4D89-B5A4-778973FA4BE7}"
EndProject
Global
	GlobalSection(SolutionConfigurationPlatforms) = preSolution
		Debug|Any CPU = Debug|Any CPU
		Release|Any CPU = Release|Any CPU
	EndGlobalSection
	GlobalSection(ProjectConfigurationPlatforms) = postSolution
		{5F18CD19-4165-43A5-BF6C-63609689A69D}.Debug|Any CPU.ActiveCfg = Debug|Any CPU
		{5F18CD19-4165-43A5-BF6C-63609689A69D}.Debug|Any CPU.Build.0 = Debug|Any CPU
		{5F18CD19-4165-43A5-BF6C-63609689A69D}.Release|Any CPU.ActiveCfg = Release|Any CPU
		{5F18CD19-4165-43A5-BF6C-63609689A69D}.Release|Any CPU.Build.0 = Release|Any CPU
		{17B072B6-D999-4209-B411-734E4AE869A4}.Debug|Any CPU.ActiveCfg = Debug|Any CPU
		{17B072B6-D999-4209-B411-734E4AE869A4}.Debug|Any CPU.Build.0 = Debug|Any CPU
		{17B072B6-D999-4209-B411-734E4AE869A4}.Release|Any CPU.ActiveCfg = Release|Any CPU
		{17B072B6-D999-4209-B411-734E4AE869A4}.Release|Any CPU.Build.0 = Release|Any CPU
		{7467E2BA-0A8B-4B30-A2DE-802030E24EB6}.Debug|Any CPU.ActiveCfg = Debug|Any CPU
		{7467E2BA-0A8B-4B30-A2DE-802030E24EB6}.Debug|Any CPU.Build.0 = Debug|Any CPU
		{7467E2BA-0A8B-4B30-A2DE-802030E24EB6}.Release|Any CPU.ActiveCfg = Release|Any CPU
		{7467E2BA-0A8B-4B30-A2DE-802030E24EB6}.Release|Any CPU.Build.0 = Release|Any CPU
		{52732E4F-D364-4A84-B2ED-A2417377FCBE}.Debug|Any CPU.ActiveCfg = Debug|Any CPU
		{52732E4F-D364-4A84-B2ED-A2417377FCBE}.Debug|Any CPU.Build.0 = Debug|Any CPU
		{52732E4F-D364-4A84-B2ED-A2417377FCBE}.Release|Any CPU.ActiveCfg = Release|Any CPU
		{52732E4F-D364-4A84-B2ED-A2417377FCBE}.Release|Any CPU.Build.0 = Release|Any CPU
		{ED8711EF-1EA0-4D89-B5A4-778973FA4BE7}.Debug|Any CPU.ActiveCfg = Debug|Any CPU
		{ED8711EF-1EA0-4D89-B5A4-778973FA4BE7}.Debug|Any CPU.Build.0 = Debug|Any CPU
		{ED8711EF-1EA0-4D89-B5A4-778973FA4BE7}.Release|Any CPU.ActiveCfg = Release|Any CPU
		{ED8711EF-1EA0-4D89-B5A4-778973FA4BE7}.Release|Any CPU.Build.0 = Release|Any CPU
	EndGlobalSection
	GlobalSection(SolutionProperties) = preSolution
		HideSolutionNode = FALSE
	EndGlobalSection
	GlobalSection(ExtensibilityGlobals) = postSolution
		SolutionGuid = {55CBBDF1-92F5-45AB-AA29-1A7A4A25FA84}
	EndGlobalSection
EndGlobal
