
Microsoft Visual Studio Solution File, Format Version 12.00
# Visual Studio 15
VisualStudioVersion = 15.0.27428.2027
MinimumVisualStudioVersion = 10.0.40219.1
Project("{FAE04EC0-301F-11D3-BF4B-00C04F79EFBC}") = "CoreMvcApp", "CoreMvcApp\CoreMvcApp.csproj", "{11EEC7C4-9B8D-4F9D-A4A7-2D6D67F117A7}"
EndProject
Global
	GlobalSection(SolutionConfigurationPlatforms) = preSolution
		Debug|Any CPU = Debug|Any CPU
		Release|Any CPU = Release|Any CPU
	EndGlobalSection
	GlobalSection(ProjectConfigurationPlatforms) = postSolution
		{11EEC7C4-9B8D-4F9D-A4A7-2D6D67F117A7}.Debug|Any CPU.ActiveCfg = Debug|Any CPU
		{11EEC7C4-9B8D-4F9D-A4A7-2D6D67F117A7}.Debug|Any CPU.Build.0 = Debug|Any CPU
		{11EEC7C4-9B8D-4F9D-A4A7-2D6D67F117A7}.Release|Any CPU.ActiveCfg = Release|Any CPU
		{11EEC7C4-9B8D-4F9D-A4A7-2D6D67F117A7}.Release|Any CPU.Build.0 = Release|Any CPU
	EndGlobalSection
	GlobalSection(SolutionProperties) = preSolution
		HideSolutionNode = FALSE
	EndGlobalSection
	GlobalSection(ExtensibilityGlobals) = postSolution
		SolutionGuid = {F3FF29D4-BC6B-4C24-8369-BC0BDF2F8FEB}
	EndGlobalSection
EndGlobal
